
Microsoft Visual Studio Solution File, Format Version 12.00
# Visual Studio 2012
Project("{FAE04EC0-301F-11D3-BF4B-00C04F79EFBC}") = "FancyMVCMovie", "FancyMVCMovie\FancyMVCMovie.csproj", "{60432E85-BB28-421F-9CAD-6612C390F26B}"
EndProject
Global
	GlobalSection(SolutionConfigurationPlatforms) = preSolution
		Debug|Any CPU = Debug|Any CPU
		Release|Any CPU = Release|Any CPU
	EndGlobalSection
	GlobalSection(ProjectConfigurationPlatforms) = postSolution
		{60432E85-BB28-421F-9CAD-6612C390F26B}.Debug|Any CPU.ActiveCfg = Debug|Any CPU
		{60432E85-BB28-421F-9CAD-6612C390F26B}.Debug|Any CPU.Build.0 = Debug|Any CPU
		{60432E85-BB28-421F-9CAD-6612C390F26B}.Release|Any CPU.ActiveCfg = Release|Any CPU
		{60432E85-BB28-421F-9CAD-6612C390F26B}.Release|Any CPU.Build.0 = Release|Any CPU
	EndGlobalSection
	GlobalSection(SolutionProperties) = preSolution
		HideSolutionNode = FALSE
	EndGlobalSection
EndGlobal
